{
  "name": "kaizen-mini",
  "lockfileVersion": 2,
  "requires": true,
  "packages": {
    "": {
      "dependencies": {
        "@editorjs/table": "^2.3.0",
        "editorjs-youtube-embed": "^1.0.3"
      }
    },
    "node_modules/@codexteam/icons": {
      "version": "0.0.6",
      "resolved": "https://registry.npmjs.org/@codexteam/icons/-/icons-0.0.6.tgz",
      "integrity": "sha512-L7Q5PET8PjKcBT5wp7VR+FCjwCi5PUp7rd/XjsgQ0CI5FJz0DphyHGRILMuDUdCW2MQT9NHbVr4QP31vwAkS/A=="
    },
    "node_modules/@editorjs/table": {
      "version": "2.3.0",
      "resolved": "https://registry.npmjs.org/@editorjs/table/-/table-2.3.0.tgz",
      "integrity": "sha512-/dKE6A5FkukX/FpvIyQGsewwXglZk8YbXpEp9vkB6Ec4ETLeGJMxObCcYqbXqVod+IU/a1tFH+j3lsD8ASD41g==",
      "dependencies": {
        "@codexteam/icons": "^0.0.6"
      }
    },
    "node_modules/editorjs-youtube-embed": {
      "version": "1.0.3",
      "resolved": "https://registry.npmjs.org/editorjs-youtube-embed/-/editorjs-youtube-embed-1.0.3.tgz",
      "integrity": "sha512-0jhveTlXpM8BkltqChhk5Co+cTQvyGk0aKgAiCgCRv7VJDDujHHaNyBLSzL3QLAVs7f7kcYdYQscwhLFZWJivA=="
    }
  },
  "dependencies": {
    "@codexteam/icons": {
      "version": "0.0.6",
      "resolved": "https://registry.npmjs.org/@codexteam/icons/-/icons-0.0.6.tgz",
      "integrity": "sha512-L7Q5PET8PjKcBT5wp7VR+FCjwCi5PUp7rd/XjsgQ0CI5FJz0DphyHGRILMuDUdCW2MQT9NHbVr4QP31vwAkS/A=="
    },
    "@editorjs/table": {
      "version": "2.3.0",
      "resolved": "https://registry.npmjs.org/@editorjs/table/-/table-2.3.0.tgz",
      "integrity": "sha512-/dKE6A5FkukX/FpvIyQGsewwXglZk8YbXpEp9vkB6Ec4ETLeGJMxObCcYqbXqVod+IU/a1tFH+j3lsD8ASD41g==",
      "requires": {
        "@codexteam/icons": "^0.0.6"
      }
    },
    "editorjs-youtube-embed": {
      "version": "1.0.3",
      "resolved": "https://registry.npmjs.org/editorjs-youtube-embed/-/editorjs-youtube-embed-1.0.3.tgz",
      "integrity": "sha512-0jhveTlXpM8BkltqChhk5Co+cTQvyGk0aKgAiCgCRv7VJDDujHHaNyBLSzL3QLAVs7f7kcYdYQscwhLFZWJivA=="
    }
  }
}
