{
  "name": "kaizen-mini",
  "lockfileVersion": 2,
  "requires": true,
  "packages": {
    "": {
      "dependencies": {
        "editorjs-youtube-embed": "^1.0.3"
      }
    },
    "node_modules/editorjs-youtube-embed": {
      "version": "1.0.3",
      "resolved": "https://registry.npmjs.org/editorjs-youtube-embed/-/editorjs-youtube-embed-1.0.3.tgz",
      "integrity": "sha512-0jhveTlXpM8BkltqChhk5Co+cTQvyGk0aKgAiCgCRv7VJDDujHHaNyBLSzL3QLAVs7f7kcYdYQscwhLFZWJivA=="
    }
  },
  "dependencies": {
    "editorjs-youtube-embed": {
      "version": "1.0.3",
      "resolved": "https://registry.npmjs.org/editorjs-youtube-embed/-/editorjs-youtube-embed-1.0.3.tgz",
      "integrity": "sha512-0jhveTlXpM8BkltqChhk5Co+cTQvyGk0aKgAiCgCRv7VJDDujHHaNyBLSzL3QLAVs7f7kcYdYQscwhLFZWJivA=="
    }
  }
}
